
Microsoft Visual Studio Solution File, Format Version 12.00
# Visual Studio Version 16
VisualStudioVersion = 16.0.31515.178
MinimumVisualStudioVersion = 10.0.40219.1
Project("{FAE04EC0-301F-11D3-BF4B-00C04F79EFBC}") = "Hourses", "Hourses\Hourses.csproj", "{4EA867E6-862C-4008-97B5-20A95A633575}"
EndProject
Global
	GlobalSection(SolutionConfigurationPlatforms) = preSolution
		Debug|Any CPU = Debug|Any CPU
		Release|Any CPU = Release|Any CPU
	EndGlobalSection
	GlobalSection(ProjectConfigurationPlatforms) = postSolution
		{4EA867E6-862C-4008-97B5-20A95A633575}.Debug|Any CPU.ActiveCfg = Debug|Any CPU
		{4EA867E6-862C-4008-97B5-20A95A633575}.Debug|Any CPU.Build.0 = Debug|Any CPU
		{4EA867E6-862C-4008-97B5-20A95A633575}.Release|Any CPU.ActiveCfg = Release|Any CPU
		{4EA867E6-862C-4008-97B5-20A95A633575}.Release|Any CPU.Build.0 = Release|Any CPU
	EndGlobalSection
	GlobalSection(SolutionProperties) = preSolution
		HideSolutionNode = FALSE
	EndGlobalSection
	GlobalSection(ExtensibilityGlobals) = postSolution
		SolutionGuid = {2238DF60-4C49-462B-A51E-7EF940853E80}
	EndGlobalSection
EndGlobal
